
Microsoft Visual Studio Solution File, Format Version 12.00
# Visual Studio Version 17
VisualStudioVersion = 17.13.35825.156 d17.13
MinimumVisualStudioVersion = 10.0.40219.1
Project("{FAE04EC0-301F-11D3-BF4B-00C04F79EFBC}") = "LocalDeepSeek", "LocalDeepSeek\LocalDeepSeek.csproj", "{5D11BE32-7D06-447D-AF6C-CF2272C0DE7F}"
EndProject
Global
	GlobalSection(SolutionConfigurationPlatforms) = preSolution
		Debug|Any CPU = Debug|Any CPU
		Release|Any CPU = Release|Any CPU
	EndGlobalSection
	GlobalSection(ProjectConfigurationPlatforms) = postSolution
		{5D11BE32-7D06-447D-AF6C-CF2272C0DE7F}.Debug|Any CPU.ActiveCfg = Debug|Any CPU
		{5D11BE32-7D06-447D-AF6C-CF2272C0DE7F}.Debug|Any CPU.Build.0 = Debug|Any CPU
		{5D11BE32-7D06-447D-AF6C-CF2272C0DE7F}.Release|Any CPU.ActiveCfg = Release|Any CPU
		{5D11BE32-7D06-447D-AF6C-CF2272C0DE7F}.Release|Any CPU.Build.0 = Release|Any CPU
	EndGlobalSection
	GlobalSection(SolutionProperties) = preSolution
		HideSolutionNode = FALSE
	EndGlobalSection
	GlobalSection(ExtensibilityGlobals) = postSolution
		SolutionGuid = {E1D01EE2-D49B-485F-9843-54D6D7B6DD45}
	EndGlobalSection
EndGlobal
