
Microsoft Visual Studio Solution File, Format Version 12.00
# Visual Studio Version 17
VisualStudioVersion = 17.13.35825.156 d17.13
MinimumVisualStudioVersion = 10.0.40219.1
Project("{FAE04EC0-301F-11D3-BF4B-00C04F79EFBC}") = "sqlite", "sqlite\sqlite.csproj", "{9875548C-B979-40A9-BED6-2AAABED4A6E1}"
EndProject
Global
	GlobalSection(SolutionConfigurationPlatforms) = preSolution
		Debug|Any CPU = Debug|Any CPU
		Release|Any CPU = Release|Any CPU
	EndGlobalSection
	GlobalSection(ProjectConfigurationPlatforms) = postSolution
		{9875548C-B979-40A9-BED6-2AAABED4A6E1}.Debug|Any CPU.ActiveCfg = Debug|Any CPU
		{9875548C-B979-40A9-BED6-2AAABED4A6E1}.Debug|Any CPU.Build.0 = Debug|Any CPU
		{9875548C-B979-40A9-BED6-2AAABED4A6E1}.Release|Any CPU.ActiveCfg = Release|Any CPU
		{9875548C-B979-40A9-BED6-2AAABED4A6E1}.Release|Any CPU.Build.0 = Release|Any CPU
	EndGlobalSection
	GlobalSection(SolutionProperties) = preSolution
		HideSolutionNode = FALSE
	EndGlobalSection
	GlobalSection(ExtensibilityGlobals) = postSolution
		SolutionGuid = {3491DFD6-6419-4E85-996C-EF998739B2C6}
	EndGlobalSection
EndGlobal
